
Microsoft Visual Studio Solution File, Format Version 12.00
# Visual Studio Version 17
VisualStudioVersion = 17.12.35707.178 d17.12
MinimumVisualStudioVersion = 10.0.40219.1
Project("{FAE04EC0-301F-11D3-BF4B-00C04F79EFBC}") = "Task Tracker", "Task Tracker.csproj", "{D64BC7BA-6D14-48E8-B03D-595CA0C18C2D}"
EndProject
Global
	GlobalSection(SolutionConfigurationPlatforms) = preSolution
		Debug|Any CPU = Debug|Any CPU
		Release|Any CPU = Release|Any CPU
	EndGlobalSection
	GlobalSection(ProjectConfigurationPlatforms) = postSolution
		{D64BC7BA-6D14-48E8-B03D-595CA0C18C2D}.Debug|Any CPU.ActiveCfg = Debug|Any CPU
		{D64BC7BA-6D14-48E8-B03D-595CA0C18C2D}.Debug|Any CPU.Build.0 = Debug|Any CPU
		{D64BC7BA-6D14-48E8-B03D-595CA0C18C2D}.Release|Any CPU.ActiveCfg = Release|Any CPU
		{D64BC7BA-6D14-48E8-B03D-595CA0C18C2D}.Release|Any CPU.Build.0 = Release|Any CPU
	EndGlobalSection
	GlobalSection(SolutionProperties) = preSolution
		HideSolutionNode = FALSE
	EndGlobalSection
EndGlobal
